
Microsoft Visual Studio Solution File, Format Version 12.00
# Visual Studio 15
VisualStudioVersion = 15.0.28010.2026
MinimumVisualStudioVersion = 10.0.40219.1
Project("{FAE04EC0-301F-11D3-BF4B-00C04F79EFBC}") = "UsedIMS", "UsedIMS\UsedIMS.csproj", "{DFCDD0B0-E9FD-4A2F-831E-4332C884C6DA}"
EndProject
Project("{FAE04EC0-301F-11D3-BF4B-00C04F79EFBC}") = "Razor", "Razor\Razor.csproj", "{847DFF3A-2C8C-4CF4-A765-F206A585D2B8}"
EndProject
Project("{FAE04EC0-301F-11D3-BF4B-00C04F79EFBC}") = "CRUD", "CRUD\CRUD.csproj", "{19738224-121B-4E59-92BB-EBC9DDCB8B61}"
EndProject
Global
	GlobalSection(SolutionConfigurationPlatforms) = preSolution
		Debug|Any CPU = Debug|Any CPU
		Release|Any CPU = Release|Any CPU
	EndGlobalSection
	GlobalSection(ProjectConfigurationPlatforms) = postSolution
		{DFCDD0B0-E9FD-4A2F-831E-4332C884C6DA}.Debug|Any CPU.ActiveCfg = Debug|Any CPU
		{DFCDD0B0-E9FD-4A2F-831E-4332C884C6DA}.Debug|Any CPU.Build.0 = Debug|Any CPU
		{DFCDD0B0-E9FD-4A2F-831E-4332C884C6DA}.Release|Any CPU.ActiveCfg = Release|Any CPU
		{DFCDD0B0-E9FD-4A2F-831E-4332C884C6DA}.Release|Any CPU.Build.0 = Release|Any CPU
		{847DFF3A-2C8C-4CF4-A765-F206A585D2B8}.Debug|Any CPU.ActiveCfg = Debug|Any CPU
		{847DFF3A-2C8C-4CF4-A765-F206A585D2B8}.Debug|Any CPU.Build.0 = Debug|Any CPU
		{847DFF3A-2C8C-4CF4-A765-F206A585D2B8}.Release|Any CPU.ActiveCfg = Release|Any CPU
		{847DFF3A-2C8C-4CF4-A765-F206A585D2B8}.Release|Any CPU.Build.0 = Release|Any CPU
		{19738224-121B-4E59-92BB-EBC9DDCB8B61}.Debug|Any CPU.ActiveCfg = Debug|Any CPU
		{19738224-121B-4E59-92BB-EBC9DDCB8B61}.Debug|Any CPU.Build.0 = Debug|Any CPU
		{19738224-121B-4E59-92BB-EBC9DDCB8B61}.Release|Any CPU.ActiveCfg = Release|Any CPU
		{19738224-121B-4E59-92BB-EBC9DDCB8B61}.Release|Any CPU.Build.0 = Release|Any CPU
	EndGlobalSection
	GlobalSection(SolutionProperties) = preSolution
		HideSolutionNode = FALSE
	EndGlobalSection
	GlobalSection(ExtensibilityGlobals) = postSolution
		SolutionGuid = {CEB1C17C-118F-47E3-8293-83027D65EC71}
	EndGlobalSection
EndGlobal
